{
  "name": "sahou-demo-runtime",
  "lockfileVersion": 3,
  "requires": true,
  "packages": {
    "": {
      "name": "sahou-demo-runtime",
      "dependencies": {
        "@sahou/runtime": "file:../../../runtimes/ts"
      }
    },
    "../../../runtimes/ts": {
      "name": "@sahou/runtime",
      "version": "0.1.0",
      "license": "Apache-2.0",
      "dependencies": {
        "@eclipse-zenoh/zenoh-ts": "^1.9.0"
      },
      "devDependencies": {
        "@types/node": "^24",
        "typescript": "^5.6",
        "vitest": "^3"
      }
    },
    "node_modules/@sahou/runtime": {
      "resolved": "../../../runtimes/ts",
      "link": true
    }
  }
}
